// !$*UTF8*$!
{
	archiveVersion = 1;
	classes = {
	};
	objectVersion = 50;
	objects = {

/* Begin PBXBuildFile section */
		B9AA62C923072AAD0031CD5F /* TappableCell.swift in Sources */ = {isa = PBXBuildFile; fileRef = B9AA62C823072AAD0031CD5F /* TappableCell.swift */; };
		B9AA62CB23072AC20031CD5F /* SimpleCell.swift in Sources */ = {isa = PBXBuildFile; fileRef = B9AA62CA23072AC20031CD5F /* SimpleCell.swift */; };
		B9AA62CD23072ACE0031CD5F /* DetailCell.swift in Sources */ = {isa = PBXBuildFile; fileRef = B9AA62CC23072ACE0031CD5F /* DetailCell.swift */; };
		B9AA62CF23072B1D0031CD5F /* CellBuilders.swift in Sources */ = {isa = PBXBuildFile; fileRef = B9AA62CE23072B1D0031CD5F /* CellBuilders.swift */; };
		B9DE806B2305FB04000161A6 /* AppDelegate.swift in Sources */ = {isa = PBXBuildFile; fileRef = B9DE806A2305FB04000161A6 /* AppDelegate.swift */; };
		B9DE806D2305FB04000161A6 /* ViewController.swift in Sources */ = {isa = PBXBuildFile; fileRef = B9DE806C2305FB04000161A6 /* ViewController.swift */; };
		B9DE80702305FB04000161A6 /* Main.storyboard in Resources */ = {isa = PBXBuildFile; fileRef = B9DE806E2305FB04000161A6 /* Main.storyboard */; };
		B9DE80722305FB06000161A6 /* Assets.xcassets in Resources */ = {isa = PBXBuildFile; fileRef = B9DE80712305FB06000161A6 /* Assets.xcassets */; };
		B9DE80752305FB06000161A6 /* LaunchScreen.storyboard in Resources */ = {isa = PBXBuildFile; fileRef = B9DE80732305FB06000161A6 /* LaunchScreen.storyboard */; };
		B9DE808F2306CBD6000161A6 /* Recycle.swift in Sources */ = {isa = PBXBuildFile; fileRef = B9DE808E2306CBD6000161A6 /* Recycle.swift */; };
/* End PBXBuildFile section */

/* Begin PBXFileReference section */
		B9AA62C823072AAD0031CD5F /* TappableCell.swift */ = {isa = PBXFileReference; lastKnownFileType = sourcecode.swift; path = TappableCell.swift; sourceTree = "<group>"; };
		B9AA62CA23072AC20031CD5F /* SimpleCell.swift */ = {isa = PBXFileReference; lastKnownFileType = sourcecode.swift; path = SimpleCell.swift; sourceTree = "<group>"; };
		B9AA62CC23072ACE0031CD5F /* DetailCell.swift */ = {isa = PBXFileReference; lastKnownFileType = sourcecode.swift; path = DetailCell.swift; sourceTree = "<group>"; };
		B9AA62CE23072B1D0031CD5F /* CellBuilders.swift */ = {isa = PBXFileReference; lastKnownFileType = sourcecode.swift; path = CellBuilders.swift; sourceTree = "<group>"; };
		B9DE80672305FB04000161A6 /* foobla.app */ = {isa = PBXFileReference; explicitFileType = wrapper.application; includeInIndex = 0; path = foobla.app; sourceTree = BUILT_PRODUCTS_DIR; };
		B9DE806A2305FB04000161A6 /* AppDelegate.swift */ = {isa = PBXFileReference; lastKnownFileType = sourcecode.swift; path = AppDelegate.swift; sourceTree = "<group>"; };
		B9DE806C2305FB04000161A6 /* ViewController.swift */ = {isa = PBXFileReference; lastKnownFileType = sourcecode.swift; path = ViewController.swift; sourceTree = "<group>"; };
		B9DE806F2305FB04000161A6 /* Base */ = {isa = PBXFileReference; lastKnownFileType = file.storyboard; name = Base; path = Base.lproj/Main.storyboard; sourceTree = "<group>"; };
		B9DE80712305FB06000161A6 /* Assets.xcassets */ = {isa = PBXFileReference; lastKnownFileType = folder.assetcatalog; path = Assets.xcassets; sourceTree = "<group>"; };
		B9DE80742305FB06000161A6 /* Base */ = {isa = PBXFileReference; lastKnownFileType = file.storyboard; name = Base; path = Base.lproj/LaunchScreen.storyboard; sourceTree = "<group>"; };
		B9DE80762305FB06000161A6 /* Info.plist */ = {isa = PBXFileReference; lastKnownFileType = text.plist.xml; path = Info.plist; sourceTree = "<group>"; };
		B9DE808E2306CBD6000161A6 /* Recycle.swift */ = {isa = PBXFileReference; lastKnownFileType = sourcecode.swift; path = Recycle.swift; sourceTree = "<group>"; };
/* End PBXFileReference section */

/* Begin PBXFrameworksBuildPhase section */
		B9DE80642305FB04000161A6 /* Frameworks */ = {
			isa = PBXFrameworksBuildPhase;
			buildActionMask = 2147483647;
			files = (
			);
			runOnlyForDeploymentPostprocessing = 0;
		};
/* End PBXFrameworksBuildPhase section */

/* Begin PBXGroup section */
		B9DE805E2305FB04000161A6 = {
			isa = PBXGroup;
			children = (
				B9DE80692305FB04000161A6 /* foobla */,
				B9DE80682305FB04000161A6 /* Products */,
			);
			sourceTree = "<group>";
		};
		B9DE80682305FB04000161A6 /* Products */ = {
			isa = PBXGroup;
			children = (
				B9DE80672305FB04000161A6 /* foobla.app */,
			);
			name = Products;
			sourceTree = "<group>";
		};
		B9DE80692305FB04000161A6 /* foobla */ = {
			isa = PBXGroup;
			children = (
				B9DE806A2305FB04000161A6 /* AppDelegate.swift */,
				B9DE806C2305FB04000161A6 /* ViewController.swift */,
				B9AA62CE23072B1D0031CD5F /* CellBuilders.swift */,
				B9DE806E2305FB04000161A6 /* Main.storyboard */,
				B9DE80712305FB06000161A6 /* Assets.xcassets */,
				B9DE80732305FB06000161A6 /* LaunchScreen.storyboard */,
				B9DE80762305FB06000161A6 /* Info.plist */,
				B9DE808E2306CBD6000161A6 /* Recycle.swift */,
				B9AA62C823072AAD0031CD5F /* TappableCell.swift */,
				B9AA62CA23072AC20031CD5F /* SimpleCell.swift */,
				B9AA62CC23072ACE0031CD5F /* DetailCell.swift */,
			);
			path = foobla;
			sourceTree = "<group>";
		};
/* End PBXGroup section */

/* Begin PBXNativeTarget section */
		B9DE80662305FB04000161A6 /* foobla */ = {
			isa = PBXNativeTarget;
			buildConfigurationList = B9DE80792305FB06000161A6 /* Build configuration list for PBXNativeTarget "foobla" */;
			buildPhases = (
				B9DE80632305FB04000161A6 /* Sources */,
				B9DE80642305FB04000161A6 /* Frameworks */,
				B9DE80652305FB04000161A6 /* Resources */,
			);
			buildRules = (
			);
			dependencies = (
			);
			name = foobla;
			productName = foobla;
			productReference = B9DE80672305FB04000161A6 /* foobla.app */;
			productType = "com.apple.product-type.application";
		};
/* End PBXNativeTarget section */

/* Begin PBXProject section */
		B9DE805F2305FB04000161A6 /* Project object */ = {
			isa = PBXProject;
			attributes = {
				LastSwiftUpdateCheck = 1010;
				LastUpgradeCheck = 1010;
				ORGANIZATIONNAME = Marina;
				TargetAttributes = {
					B9DE80662305FB04000161A6 = {
						CreatedOnToolsVersion = 10.1;
					};
				};
			};
			buildConfigurationList = B9DE80622305FB04000161A6 /* Build configuration list for PBXProject "foobla" */;
			compatibilityVersion = "Xcode 9.3";
			developmentRegion = en;
			hasScannedForEncodings = 0;
			knownRegions = (
				en,
				Base,
			);
			mainGroup = B9DE805E2305FB04000161A6;
			productRefGroup = B9DE80682305FB04000161A6 /* Products */;
			projectDirPath = "";
			projectRoot = "";
			targets = (
				B9DE80662305FB04000161A6 /* foobla */,
			);
		};
/* End PBXProject section */

/* Begin PBXResourcesBuildPhase section */
		B9DE80652305FB04000161A6 /* Resources */ = {
			isa = PBXResourcesBuildPhase;
			buildActionMask = 2147483647;
			files = (
				B9DE80752305FB06000161A6 /* LaunchScreen.storyboard in Resources */,
				B9DE80722305FB06000161A6 /* Assets.xcassets in Resources */,
				B9DE80702305FB04000161A6 /* Main.storyboard in Resources */,
			);
			runOnlyForDeploymentPostprocessing = 0;
		};
/* End PBXResourcesBuildPhase section */

/* Begin PBXSourcesBuildPhase section */
		B9DE80632305FB04000161A6 /* Sources */ = {
			isa = PBXSourcesBuildPhase;
			buildActionMask = 2147483647;
			files = (
				B9DE806D2305FB04000161A6 /* ViewController.swift in Sources */,
				B9DE806B2305FB04000161A6 /* AppDelegate.swift in Sources */,
				B9AA62CF23072B1D0031CD5F /* CellBuilders.swift in Sources */,
				B9AA62CD23072ACE0031CD5F /* DetailCell.swift in Sources */,
				B9AA62C923072AAD0031CD5F /* TappableCell.swift in Sources */,
				B9DE808F2306CBD6000161A6 /* Recycle.swift in Sources */,
				B9AA62CB23072AC20031CD5F /* SimpleCell.swift in Sources */,
			);
			runOnlyForDeploymentPostprocessing = 0;
		};
/* End PBXSourcesBuildPhase section */

/* Begin PBXVariantGroup section */
		B9DE806E2305FB04000161A6 /* Main.storyboard */ = {
			isa = PBXVariantGroup;
			children = (
				B9DE806F2305FB04000161A6 /* Base */,
			);
			name = Main.storyboard;
			sourceTree = "<group>";
		};
		B9DE80732305FB06000161A6 /* LaunchScreen.storyboard */ = {
			isa = PBXVariantGroup;
			children = (
				B9DE80742305FB06000161A6 /* Base */,
			);
			name = LaunchScreen.storyboard;
			sourceTree = "<group>";
		};
/* End PBXVariantGroup section */

/* Begin XCBuildConfiguration section */
		B9DE80772305FB06000161A6 /* Debug */ = {
			isa = XCBuildConfiguration;
			buildSettings = {
				ALWAYS_SEARCH_USER_PATHS = NO;
				CLANG_ANALYZER_NONNULL = YES;
				CLANG_ANALYZER_NUMBER_OBJECT_CONVERSION = YES_AGGRESSIVE;
				CLANG_CXX_LANGUAGE_STANDARD = "gnu++14";
				CLANG_CXX_LIBRARY = "libc++";
				CLANG_ENABLE_MODULES = YES;
				CLANG_ENABLE_OBJC_ARC = YES;
				CLANG_ENABLE_OBJC_WEAK = YES;
				CLANG_WARN_BLOCK_CAPTURE_AUTORELEASING = YES;
				CLANG_WARN_BOOL_CONVERSION = YES;
				CLANG_WARN_COMMA = YES;
				CLANG_WARN_CONSTANT_CONVERSION = YES;
				CLANG_WARN_DEPRECATED_OBJC_IMPLEMENTATIONS = YES;
				CLANG_WARN_DIRECT_OBJC_ISA_USAGE = YES_ERROR;
				CLANG_WARN_DOCUMENTATION_COMMENTS = YES;
				CLANG_WARN_EMPTY_BODY = YES;
				CLANG_WARN_ENUM_CONVERSION = YES;
				CLANG_WARN_INFINITE_RECURSION = YES;
				CLANG_WARN_INT_CONVERSION = YES;
				CLANG_WARN_NON_LITERAL_NULL_CONVERSION = YES;
				CLANG_WARN_OBJC_IMPLICIT_RETAIN_SELF = YES;
				CLANG_WARN_OBJC_LITERAL_CONVERSION = YES;
				CLANG_WARN_OBJC_ROOT_CLASS = YES_ERROR;
				CLANG_WARN_RANGE_LOOP_ANALYSIS = YES;
				CLANG_WARN_STRICT_PROTOTYPES = YES;
				CLANG_WARN_SUSPICIOUS_MOVE = YES;
				CLANG_WARN_UNGUARDED_AVAILABILITY = YES_AGGRESSIVE;
				CLANG_WARN_UNREACHABLE_CODE = YES;
				CLANG_WARN__DUPLICATE_METHOD_MATCH = YES;
				CODE_SIGN_IDENTITY = "iPhone Developer";
				COPY_PHASE_STRIP = NO;
				DEBUG_INFORMATION_FORMAT = dwarf;
				ENABLE_STRICT_OBJC_MSGSEND = YES;
				ENABLE_TESTABILITY = YES;
				GCC_C_LANGUAGE_STANDARD = gnu11;
				GCC_DYNAMIC_NO_PIC = NO;
				GCC_NO_COMMON_BLOCKS = YES;
				GCC_OPTIMIZATION_LEVEL = 0;
				GCC_PREPROCESSOR_DEFINITIONS = (
					"DEBUG=1",
					"$(inherited)",
				);
				GCC_WARN_64_TO_32_BIT_CONVERSION = YES;
				GCC_WARN_ABOUT_RETURN_TYPE = YES_ERROR;
				GCC_WARN_UNDECLARED_SELECTOR = YES;
				GCC_WARN_UNINITIALIZED_AUTOS = YES_AGGRESSIVE;
				GCC_WARN_UNUSED_FUNCTION = YES;
				GCC_WARN_UNUSED_VARIABLE = YES;
				IPHONEOS_DEPLOYMENT_TARGET = 12.1;
				MTL_ENABLE_DEBUG_INFO = INCLUDE_SOURCE;
				MTL_FAST_MATH = YES;
				ONLY_ACTIVE_ARCH = YES;
				SDKROOT = iphoneos;
				SWIFT_ACTIVE_COMPILATION_CONDITIONS = DEBUG;
				SWIFT_OPTIMIZATION_LEVEL = "-Onone";
			};
			name = Debug;
		};
		B9DE80782305FB06000161A6 /* Release */ = {
			isa = XCBuildConfiguration;
			buildSettings = {
				ALWAYS_SEARCH_USER_PATHS = NO;
				CLANG_ANALYZER_NONNULL = YES;
				CLANG_ANALYZER_NUMBER_OBJECT_CONVERSION = YES_AGGRESSIVE;
				CLANG_CXX_LANGUAGE_STANDARD = "gnu++14";
				CLANG_CXX_LIBRARY = "libc++";
				CLANG_ENABLE_MODULES = YES;
				CLANG_ENABLE_OBJC_ARC = YES;
				CLANG_ENABLE_OBJC_WEAK = YES;
				CLANG_WARN_BLOCK_CAPTURE_AUTORELEASING = YES;
				CLANG_WARN_BOOL_CONVERSION = YES;
				CLANG_WARN_COMMA = YES;
				CLANG_WARN_CONSTANT_CONVERSION = YES;
				CLANG_WARN_DEPRECATED_OBJC_IMPLEMENTATIONS = YES;
				CLANG_WARN_DIRECT_OBJC_ISA_USAGE = YES_ERROR;
				CLANG_WARN_DOCUMENTATION_COMMENTS = YES;
				CLANG_WARN_EMPTY_BODY = YES;
				CLANG_WARN_ENUM_CONVERSION = YES;
				CLANG_WARN_INFINITE_RECURSION = YES;
				CLANG_WARN_INT_CONVERSION = YES;
				CLANG_WARN_NON_LITERAL_NULL_CONVERSION = YES;
				CLANG_WARN_OBJC_IMPLICIT_RETAIN_SELF = YES;
				CLANG_WARN_OBJC_LITERAL_CONVERSION = YES;
				CLANG_WARN_OBJC_ROOT_CLASS = YES_ERROR;
				CLANG_WARN_RANGE_LOOP_ANALYSIS = YES;
				CLANG_WARN_STRICT_PROTOTYPES = YES;
				CLANG_WARN_SUSPICIOUS_MOVE = YES;
				CLANG_WARN_UNGUARDED_AVAILABILITY = YES_AGGRESSIVE;
				CLANG_WARN_UNREACHABLE_CODE = YES;
				CLANG_WARN__DUPLICATE_METHOD_MATCH = YES;
				CODE_SIGN_IDENTITY = "iPhone Developer";
				COPY_PHASE_STRIP = NO;
				DEBUG_INFORMATION_FORMAT = "dwarf-with-dsym";
				ENABLE_NS_ASSERTIONS = NO;
				ENABLE_STRICT_OBJC_MSGSEND = YES;
				GCC_C_LANGUAGE_STANDARD = gnu11;
				GCC_NO_COMMON_BLOCKS = YES;
				GCC_WARN_64_TO_32_BIT_CONVERSION = YES;
				GCC_WARN_ABOUT_RETURN_TYPE = YES_ERROR;
				GCC_WARN_UNDECLARED_SELECTOR = YES;
				GCC_WARN_UNINITIALIZED_AUTOS = YES_AGGRESSIVE;
				GCC_WARN_UNUSED_FUNCTION = YES;
				GCC_WARN_UNUSED_VARIABLE = YES;
				IPHONEOS_DEPLOYMENT_TARGET = 12.1;
				MTL_ENABLE_DEBUG_INFO = NO;
				MTL_FAST_MATH = YES;
				SDKROOT = iphoneos;
				SWIFT_COMPILATION_MODE = wholemodule;
				SWIFT_OPTIMIZATION_LEVEL = "-O";
				VALIDATE_PRODUCT = YES;
			};
			name = Release;
		};
		B9DE807A2305FB06000161A6 /* Debug */ = {
			isa = XCBuildConfiguration;
			buildSettings = {
				ASSETCATALOG_COMPILER_APPICON_NAME = AppIcon;
				CODE_SIGN_STYLE = Automatic;
				DEVELOPMENT_TEAM = C54PPF7MJ9;
				INFOPLIST_FILE = foobla/Info.plist;
				LD_RUNPATH_SEARCH_PATHS = (
					"$(inherited)",
					"@executable_path/Frameworks",
				);
				PRODUCT_BUNDLE_IDENTIFIER = com.marina.foobla;
				PRODUCT_NAME = "$(TARGET_NAME)";
				SWIFT_VERSION = 4.2;
				TARGETED_DEVICE_FAMILY = "1,2";
			};
			name = Debug;
		};
		B9DE807B2305FB06000161A6 /* Release */ = {
			isa = XCBuildConfiguration;
			buildSettings = {
				ASSETCATALOG_COMPILER_APPICON_NAME = AppIcon;
				CODE_SIGN_STYLE = Automatic;
				DEVELOPMENT_TEAM = C54PPF7MJ9;
				INFOPLIST_FILE = foobla/Info.plist;
				LD_RUNPATH_SEARCH_PATHS = (
					"$(inherited)",
					"@executable_path/Frameworks",
				);
				PRODUCT_BUNDLE_IDENTIFIER = com.marina.foobla;
				PRODUCT_NAME = "$(TARGET_NAME)";
				SWIFT_VERSION = 4.2;
				TARGETED_DEVICE_FAMILY = "1,2";
			};
			name = Release;
		};
/* End XCBuildConfiguration section */

/* Begin XCConfigurationList section */
		B9DE80622305FB04000161A6 /* Build configuration list for PBXProject "foobla" */ = {
			isa = XCConfigurationList;
			buildConfigurations = (
				B9DE80772305FB06000161A6 /* Debug */,
				B9DE80782305FB06000161A6 /* Release */,
			);
			defaultConfigurationIsVisible = 0;
			defaultConfigurationName = Release;
		};
		B9DE80792305FB06000161A6 /* Build configuration list for PBXNativeTarget "foobla" */ = {
			isa = XCConfigurationList;
			buildConfigurations = (
				B9DE807A2305FB06000161A6 /* Debug */,
				B9DE807B2305FB06000161A6 /* Release */,
			);
			defaultConfigurationIsVisible = 0;
			defaultConfigurationName = Release;
		};
/* End XCConfigurationList section */
	};
	rootObject = B9DE805F2305FB04000161A6 /* Project object */;
}
